
Microsoft Visual Studio Solution File, Format Version 12.00
# Visual Studio Version 17
VisualStudioVersion = 17.3.32929.385
MinimumVisualStudioVersion = 10.0.40219.1
Project("{FAE04EC0-301F-11D3-BF4B-00C04F79EFBC}") = "Practica2.3VersionGIT", "Practica2.3VersionGIT\Practica2.3VersionGIT.csproj", "{031FC0B4-0F7A-40F2-BF6F-55BA7B88008F}"
EndProject
Global
	GlobalSection(SolutionConfigurationPlatforms) = preSolution
		Debug|Any CPU = Debug|Any CPU
		Release|Any CPU = Release|Any CPU
	EndGlobalSection
	GlobalSection(ProjectConfigurationPlatforms) = postSolution
		{031FC0B4-0F7A-40F2-BF6F-55BA7B88008F}.Debug|Any CPU.ActiveCfg = Debug|Any CPU
		{031FC0B4-0F7A-40F2-BF6F-55BA7B88008F}.Debug|Any CPU.Build.0 = Debug|Any CPU
		{031FC0B4-0F7A-40F2-BF6F-55BA7B88008F}.Release|Any CPU.ActiveCfg = Release|Any CPU
		{031FC0B4-0F7A-40F2-BF6F-55BA7B88008F}.Release|Any CPU.Build.0 = Release|Any CPU
	EndGlobalSection
	GlobalSection(SolutionProperties) = preSolution
		HideSolutionNode = FALSE
	EndGlobalSection
	GlobalSection(ExtensibilityGlobals) = postSolution
		SolutionGuid = {B104DA66-44BC-4A5A-8D19-E7EEEA2CD511}
	EndGlobalSection
EndGlobal
